// !$*UTF8*$!
{
	archiveVersion = 1;
	classes = {
	};
	objectVersion = 50;
	objects = {

/* Begin PBXBuildFile section */
		10767E7B23F2E08800A13D16 /* AppDelegate.swift in Sources */ = {isa = PBXBuildFile; fileRef = 10767E7A23F2E08800A13D16 /* AppDelegate.swift */; };
		10767E7D23F2E08800A13D16 /* SceneDelegate.swift in Sources */ = {isa = PBXBuildFile; fileRef = 10767E7C23F2E08800A13D16 /* SceneDelegate.swift */; };
		10767E7F23F2E08800A13D16 /* ViewController.swift in Sources */ = {isa = PBXBuildFile; fileRef = 10767E7E23F2E08800A13D16 /* ViewController.swift */; };
		10767E8223F2E08800A13D16 /* Main.storyboard in Resources */ = {isa = PBXBuildFile; fileRef = 10767E8023F2E08800A13D16 /* Main.storyboard */; };
		10767E8523F2E08800A13D16 /* TP01___Storyboard.xcdatamodeld in Sources */ = {isa = PBXBuildFile; fileRef = 10767E8323F2E08800A13D16 /* TP01___Storyboard.xcdatamodeld */; };
		10767E8723F2E08900A13D16 /* Assets.xcassets in Resources */ = {isa = PBXBuildFile; fileRef = 10767E8623F2E08900A13D16 /* Assets.xcassets */; };
		10767E8A23F2E08900A13D16 /* LaunchScreen.storyboard in Resources */ = {isa = PBXBuildFile; fileRef = 10767E8823F2E08900A13D16 /* LaunchScreen.storyboard */; };
		10767E9523F2E08900A13D16 /* TP01___StoryboardTests.swift in Sources */ = {isa = PBXBuildFile; fileRef = 10767E9423F2E08900A13D16 /* TP01___StoryboardTests.swift */; };
		10767EA023F2E08A00A13D16 /* TP01___StoryboardUITests.swift in Sources */ = {isa = PBXBuildFile; fileRef = 10767E9F23F2E08A00A13D16 /* TP01___StoryboardUITests.swift */; };
/* End PBXBuildFile section */

/* Begin PBXContainerItemProxy section */
		10767E9123F2E08900A13D16 /* PBXContainerItemProxy */ = {
			isa = PBXContainerItemProxy;
			containerPortal = 10767E6F23F2E08800A13D16 /* Project object */;
			proxyType = 1;
			remoteGlobalIDString = 10767E7623F2E08800A13D16;
			remoteInfo = "TP01 - Storyboard";
		};
		10767E9C23F2E08900A13D16 /* PBXContainerItemProxy */ = {
			isa = PBXContainerItemProxy;
			containerPortal = 10767E6F23F2E08800A13D16 /* Project object */;
			proxyType = 1;
			remoteGlobalIDString = 10767E7623F2E08800A13D16;
			remoteInfo = "TP01 - Storyboard";
		};
/* End PBXContainerItemProxy section */

/* Begin PBXFileReference section */
		10767E7723F2E08800A13D16 /* TP01 - Storyboard.app */ = {isa = PBXFileReference; explicitFileType = wrapper.application; includeInIndex = 0; path = "TP01 - Storyboard.app"; sourceTree = BUILT_PRODUCTS_DIR; };
		10767E7A23F2E08800A13D16 /* AppDelegate.swift */ = {isa = PBXFileReference; lastKnownFileType = sourcecode.swift; path = AppDelegate.swift; sourceTree = "<group>"; };
		10767E7C23F2E08800A13D16 /* SceneDelegate.swift */ = {isa = PBXFileReference; lastKnownFileType = sourcecode.swift; path = SceneDelegate.swift; sourceTree = "<group>"; };
		10767E7E23F2E08800A13D16 /* ViewController.swift */ = {isa = PBXFileReference; lastKnownFileType = sourcecode.swift; path = ViewController.swift; sourceTree = "<group>"; };
		10767E8123F2E08800A13D16 /* Base */ = {isa = PBXFileReference; lastKnownFileType = file.storyboard; name = Base; path = Base.lproj/Main.storyboard; sourceTree = "<group>"; };
		10767E8423F2E08800A13D16 /* TP01___Storyboard.xcdatamodel */ = {isa = PBXFileReference; lastKnownFileType = wrapper.xcdatamodel; path = "TP01___Storyboard.xcdatamodel"; sourceTree = "<group>"; };
		10767E8623F2E08900A13D16 /* Assets.xcassets */ = {isa = PBXFileReference; lastKnownFileType = folder.assetcatalog; path = Assets.xcassets; sourceTree = "<group>"; };
		10767E8923F2E08900A13D16 /* Base */ = {isa = PBXFileReference; lastKnownFileType = file.storyboard; name = Base; path = Base.lproj/LaunchScreen.storyboard; sourceTree = "<group>"; };
		10767E8B23F2E08900A13D16 /* Info.plist */ = {isa = PBXFileReference; lastKnownFileType = text.plist.xml; path = Info.plist; sourceTree = "<group>"; };
		10767E9023F2E08900A13D16 /* TP01 - StoryboardTests.xctest */ = {isa = PBXFileReference; explicitFileType = wrapper.cfbundle; includeInIndex = 0; path = "TP01 - StoryboardTests.xctest"; sourceTree = BUILT_PRODUCTS_DIR; };
		10767E9423F2E08900A13D16 /* TP01___StoryboardTests.swift */ = {isa = PBXFileReference; lastKnownFileType = sourcecode.swift; path = "TP01___StoryboardTests.swift"; sourceTree = "<group>"; };
		10767E9623F2E08900A13D16 /* Info.plist */ = {isa = PBXFileReference; lastKnownFileType = text.plist.xml; path = Info.plist; sourceTree = "<group>"; };
		10767E9B23F2E08900A13D16 /* TP01 - StoryboardUITests.xctest */ = {isa = PBXFileReference; explicitFileType = wrapper.cfbundle; includeInIndex = 0; path = "TP01 - StoryboardUITests.xctest"; sourceTree = BUILT_PRODUCTS_DIR; };
		10767E9F23F2E08A00A13D16 /* TP01___StoryboardUITests.swift */ = {isa = PBXFileReference; lastKnownFileType = sourcecode.swift; path = "TP01___StoryboardUITests.swift"; sourceTree = "<group>"; };
		10767EA123F2E08A00A13D16 /* Info.plist */ = {isa = PBXFileReference; lastKnownFileType = text.plist.xml; path = Info.plist; sourceTree = "<group>"; };
/* End PBXFileReference section */

/* Begin PBXFrameworksBuildPhase section */
		10767E7423F2E08800A13D16 /* Frameworks */ = {
			isa = PBXFrameworksBuildPhase;
			buildActionMask = 2147483647;
			files = (
			);
			runOnlyForDeploymentPostprocessing = 0;
		};
		10767E8D23F2E08900A13D16 /* Frameworks */ = {
			isa = PBXFrameworksBuildPhase;
			buildActionMask = 2147483647;
			files = (
			);
			runOnlyForDeploymentPostprocessing = 0;
		};
		10767E9823F2E08900A13D16 /* Frameworks */ = {
			isa = PBXFrameworksBuildPhase;
			buildActionMask = 2147483647;
			files = (
			);
			runOnlyForDeploymentPostprocessing = 0;
		};
/* End PBXFrameworksBuildPhase section */

/* Begin PBXGroup section */
		10767E6E23F2E08800A13D16 = {
			isa = PBXGroup;
			children = (
				10767E7923F2E08800A13D16 /* TP01 - Storyboard */,
				10767E9323F2E08900A13D16 /* TP01 - StoryboardTests */,
				10767E9E23F2E08A00A13D16 /* TP01 - StoryboardUITests */,
				10767E7823F2E08800A13D16 /* Products */,
			);
			sourceTree = "<group>";
		};
		10767E7823F2E08800A13D16 /* Products */ = {
			isa = PBXGroup;
			children = (
				10767E7723F2E08800A13D16 /* TP01 - Storyboard.app */,
				10767E9023F2E08900A13D16 /* TP01 - StoryboardTests.xctest */,
				10767E9B23F2E08900A13D16 /* TP01 - StoryboardUITests.xctest */,
			);
			name = Products;
			sourceTree = "<group>";
		};
		10767E7923F2E08800A13D16 /* TP01 - Storyboard */ = {
			isa = PBXGroup;
			children = (
				10767E7A23F2E08800A13D16 /* AppDelegate.swift */,
				10767E7C23F2E08800A13D16 /* SceneDelegate.swift */,
				10767E7E23F2E08800A13D16 /* ViewController.swift */,
				10767E8023F2E08800A13D16 /* Main.storyboard */,
				10767E8623F2E08900A13D16 /* Assets.xcassets */,
				10767E8823F2E08900A13D16 /* LaunchScreen.storyboard */,
				10767E8B23F2E08900A13D16 /* Info.plist */,
				10767E8323F2E08800A13D16 /* TP01___Storyboard.xcdatamodeld */,
			);
			path = "TP01 - Storyboard";
			sourceTree = "<group>";
		};
		10767E9323F2E08900A13D16 /* TP01 - StoryboardTests */ = {
			isa = PBXGroup;
			children = (
				10767E9423F2E08900A13D16 /* TP01___StoryboardTests.swift */,
				10767E9623F2E08900A13D16 /* Info.plist */,
			);
			path = "TP01 - StoryboardTests";
			sourceTree = "<group>";
		};
		10767E9E23F2E08A00A13D16 /* TP01 - StoryboardUITests */ = {
			isa = PBXGroup;
			children = (
				10767E9F23F2E08A00A13D16 /* TP01___StoryboardUITests.swift */,
				10767EA123F2E08A00A13D16 /* Info.plist */,
			);
			path = "TP01 - StoryboardUITests";
			sourceTree = "<group>";
		};
/* End PBXGroup section */

/* Begin PBXNativeTarget section */
		10767E7623F2E08800A13D16 /* TP01 - Storyboard */ = {
			isa = PBXNativeTarget;
			buildConfigurationList = 10767EA423F2E08A00A13D16 /* Build configuration list for PBXNativeTarget "TP01 - Storyboard" */;
			buildPhases = (
				10767E7323F2E08800A13D16 /* Sources */,
				10767E7423F2E08800A13D16 /* Frameworks */,
				10767E7523F2E08800A13D16 /* Resources */,
			);
			buildRules = (
			);
			dependencies = (
			);
			name = "TP01 - Storyboard";
			productName = "TP01 - Storyboard";
			productReference = 10767E7723F2E08800A13D16 /* TP01 - Storyboard.app */;
			productType = "com.apple.product-type.application";
		};
		10767E8F23F2E08900A13D16 /* TP01 - StoryboardTests */ = {
			isa = PBXNativeTarget;
			buildConfigurationList = 10767EA723F2E08A00A13D16 /* Build configuration list for PBXNativeTarget "TP01 - StoryboardTests" */;
			buildPhases = (
				10767E8C23F2E08900A13D16 /* Sources */,
				10767E8D23F2E08900A13D16 /* Frameworks */,
				10767E8E23F2E08900A13D16 /* Resources */,
			);
			buildRules = (
			);
			dependencies = (
				10767E9223F2E08900A13D16 /* PBXTargetDependency */,
			);
			name = "TP01 - StoryboardTests";
			productName = "TP01 - StoryboardTests";
			productReference = 10767E9023F2E08900A13D16 /* TP01 - StoryboardTests.xctest */;
			productType = "com.apple.product-type.bundle.unit-test";
		};
		10767E9A23F2E08900A13D16 /* TP01 - StoryboardUITests */ = {
			isa = PBXNativeTarget;
			buildConfigurationList = 10767EAA23F2E08A00A13D16 /* Build configuration list for PBXNativeTarget "TP01 - StoryboardUITests" */;
			buildPhases = (
				10767E9723F2E08900A13D16 /* Sources */,
				10767E9823F2E08900A13D16 /* Frameworks */,
				10767E9923F2E08900A13D16 /* Resources */,
			);
			buildRules = (
			);
			dependencies = (
				10767E9D23F2E08900A13D16 /* PBXTargetDependency */,
			);
			name = "TP01 - StoryboardUITests";
			productName = "TP01 - StoryboardUITests";
			productReference = 10767E9B23F2E08900A13D16 /* TP01 - StoryboardUITests.xctest */;
			productType = "com.apple.product-type.bundle.ui-testing";
		};
/* End PBXNativeTarget section */

/* Begin PBXProject section */
		10767E6F23F2E08800A13D16 /* Project object */ = {
			isa = PBXProject;
			attributes = {
				LastSwiftUpdateCheck = 1130;
				LastUpgradeCheck = 1130;
				ORGANIZATIONNAME = "Remy McConnell";
				TargetAttributes = {
					10767E7623F2E08800A13D16 = {
						CreatedOnToolsVersion = 11.3.1;
					};
					10767E8F23F2E08900A13D16 = {
						CreatedOnToolsVersion = 11.3.1;
						TestTargetID = 10767E7623F2E08800A13D16;
					};
					10767E9A23F2E08900A13D16 = {
						CreatedOnToolsVersion = 11.3.1;
						TestTargetID = 10767E7623F2E08800A13D16;
					};
				};
			};
			buildConfigurationList = 10767E7223F2E08800A13D16 /* Build configuration list for PBXProject "TP01 - Storyboard" */;
			compatibilityVersion = "Xcode 9.3";
			developmentRegion = en;
			hasScannedForEncodings = 0;
			knownRegions = (
				en,
				Base,
			);
			mainGroup = 10767E6E23F2E08800A13D16;
			productRefGroup = 10767E7823F2E08800A13D16 /* Products */;
			projectDirPath = "";
			projectRoot = "";
			targets = (
				10767E7623F2E08800A13D16 /* TP01 - Storyboard */,
				10767E8F23F2E08900A13D16 /* TP01 - StoryboardTests */,
				10767E9A23F2E08900A13D16 /* TP01 - StoryboardUITests */,
			);
		};
/* End PBXProject section */

/* Begin PBXResourcesBuildPhase section */
		10767E7523F2E08800A13D16 /* Resources */ = {
			isa = PBXResourcesBuildPhase;
			buildActionMask = 2147483647;
			files = (
				10767E8A23F2E08900A13D16 /* LaunchScreen.storyboard in Resources */,
				10767E8723F2E08900A13D16 /* Assets.xcassets in Resources */,
				10767E8223F2E08800A13D16 /* Main.storyboard in Resources */,
			);
			runOnlyForDeploymentPostprocessing = 0;
		};
		10767E8E23F2E08900A13D16 /* Resources */ = {
			isa = PBXResourcesBuildPhase;
			buildActionMask = 2147483647;
			files = (
			);
			runOnlyForDeploymentPostprocessing = 0;
		};
		10767E9923F2E08900A13D16 /* Resources */ = {
			isa = PBXResourcesBuildPhase;
			buildActionMask = 2147483647;
			files = (
			);
			runOnlyForDeploymentPostprocessing = 0;
		};
/* End PBXResourcesBuildPhase section */

/* Begin PBXSourcesBuildPhase section */
		10767E7323F2E08800A13D16 /* Sources */ = {
			isa = PBXSourcesBuildPhase;
			buildActionMask = 2147483647;
			files = (
				10767E7F23F2E08800A13D16 /* ViewController.swift in Sources */,
				10767E8523F2E08800A13D16 /* TP01___Storyboard.xcdatamodeld in Sources */,
				10767E7B23F2E08800A13D16 /* AppDelegate.swift in Sources */,
				10767E7D23F2E08800A13D16 /* SceneDelegate.swift in Sources */,
			);
			runOnlyForDeploymentPostprocessing = 0;
		};
		10767E8C23F2E08900A13D16 /* Sources */ = {
			isa = PBXSourcesBuildPhase;
			buildActionMask = 2147483647;
			files = (
				10767E9523F2E08900A13D16 /* TP01___StoryboardTests.swift in Sources */,
			);
			runOnlyForDeploymentPostprocessing = 0;
		};
		10767E9723F2E08900A13D16 /* Sources */ = {
			isa = PBXSourcesBuildPhase;
			buildActionMask = 2147483647;
			files = (
				10767EA023F2E08A00A13D16 /* TP01___StoryboardUITests.swift in Sources */,
			);
			runOnlyForDeploymentPostprocessing = 0;
		};
/* End PBXSourcesBuildPhase section */

/* Begin PBXTargetDependency section */
		10767E9223F2E08900A13D16 /* PBXTargetDependency */ = {
			isa = PBXTargetDependency;
			target = 10767E7623F2E08800A13D16 /* TP01 - Storyboard */;
			targetProxy = 10767E9123F2E08900A13D16 /* PBXContainerItemProxy */;
		};
		10767E9D23F2E08900A13D16 /* PBXTargetDependency */ = {
			isa = PBXTargetDependency;
			target = 10767E7623F2E08800A13D16 /* TP01 - Storyboard */;
			targetProxy = 10767E9C23F2E08900A13D16 /* PBXContainerItemProxy */;
		};
/* End PBXTargetDependency section */

/* Begin PBXVariantGroup section */
		10767E8023F2E08800A13D16 /* Main.storyboard */ = {
			isa = PBXVariantGroup;
			children = (
				10767E8123F2E08800A13D16 /* Base */,
			);
			name = Main.storyboard;
			sourceTree = "<group>";
		};
		10767E8823F2E08900A13D16 /* LaunchScreen.storyboard */ = {
			isa = PBXVariantGroup;
			children = (
				10767E8923F2E08900A13D16 /* Base */,
			);
			name = LaunchScreen.storyboard;
			sourceTree = "<group>";
		};
/* End PBXVariantGroup section */

/* Begin XCBuildConfiguration section */
		10767EA223F2E08A00A13D16 /* Debug */ = {
			isa = XCBuildConfiguration;
			buildSettings = {
				ALWAYS_SEARCH_USER_PATHS = NO;
				CLANG_ANALYZER_NONNULL = YES;
				CLANG_ANALYZER_NUMBER_OBJECT_CONVERSION = YES_AGGRESSIVE;
				CLANG_CXX_LANGUAGE_STANDARD = "gnu++14";
				CLANG_CXX_LIBRARY = "libc++";
				CLANG_ENABLE_MODULES = YES;
				CLANG_ENABLE_OBJC_ARC = YES;
				CLANG_ENABLE_OBJC_WEAK = YES;
				CLANG_WARN_BLOCK_CAPTURE_AUTORELEASING = YES;
				CLANG_WARN_BOOL_CONVERSION = YES;
				CLANG_WARN_COMMA = YES;
				CLANG_WARN_CONSTANT_CONVERSION = YES;
				CLANG_WARN_DEPRECATED_OBJC_IMPLEMENTATIONS = YES;
				CLANG_WARN_DIRECT_OBJC_ISA_USAGE = YES_ERROR;
				CLANG_WARN_DOCUMENTATION_COMMENTS = YES;
				CLANG_WARN_EMPTY_BODY = YES;
				CLANG_WARN_ENUM_CONVERSION = YES;
				CLANG_WARN_INFINITE_RECURSION = YES;
				CLANG_WARN_INT_CONVERSION = YES;
				CLANG_WARN_NON_LITERAL_NULL_CONVERSION = YES;
				CLANG_WARN_OBJC_IMPLICIT_RETAIN_SELF = YES;
				CLANG_WARN_OBJC_LITERAL_CONVERSION = YES;
				CLANG_WARN_OBJC_ROOT_CLASS = YES_ERROR;
				CLANG_WARN_RANGE_LOOP_ANALYSIS = YES;
				CLANG_WARN_STRICT_PROTOTYPES = YES;
				CLANG_WARN_SUSPICIOUS_MOVE = YES;
				CLANG_WARN_UNGUARDED_AVAILABILITY = YES_AGGRESSIVE;
				CLANG_WARN_UNREACHABLE_CODE = YES;
				CLANG_WARN__DUPLICATE_METHOD_MATCH = YES;
				COPY_PHASE_STRIP = NO;
				DEBUG_INFORMATION_FORMAT = dwarf;
				ENABLE_STRICT_OBJC_MSGSEND = YES;
				ENABLE_TESTABILITY = YES;
				GCC_C_LANGUAGE_STANDARD = gnu11;
				GCC_DYNAMIC_NO_PIC = NO;
				GCC_NO_COMMON_BLOCKS = YES;
				GCC_OPTIMIZATION_LEVEL = 0;
				GCC_PREPROCESSOR_DEFINITIONS = (
					"DEBUG=1",
					"$(inherited)",
				);
				GCC_WARN_64_TO_32_BIT_CONVERSION = YES;
				GCC_WARN_ABOUT_RETURN_TYPE = YES_ERROR;
				GCC_WARN_UNDECLARED_SELECTOR = YES;
				GCC_WARN_UNINITIALIZED_AUTOS = YES_AGGRESSIVE;
				GCC_WARN_UNUSED_FUNCTION = YES;
				GCC_WARN_UNUSED_VARIABLE = YES;
				IPHONEOS_DEPLOYMENT_TARGET = 13.2;
				MTL_ENABLE_DEBUG_INFO = INCLUDE_SOURCE;
				MTL_FAST_MATH = YES;
				ONLY_ACTIVE_ARCH = YES;
				SDKROOT = iphoneos;
				SWIFT_ACTIVE_COMPILATION_CONDITIONS = DEBUG;
				SWIFT_OPTIMIZATION_LEVEL = "-Onone";
			};
			name = Debug;
		};
		10767EA323F2E08A00A13D16 /* Release */ = {
			isa = XCBuildConfiguration;
			buildSettings = {
				ALWAYS_SEARCH_USER_PATHS = NO;
				CLANG_ANALYZER_NONNULL = YES;
				CLANG_ANALYZER_NUMBER_OBJECT_CONVERSION = YES_AGGRESSIVE;
				CLANG_CXX_LANGUAGE_STANDARD = "gnu++14";
				CLANG_CXX_LIBRARY = "libc++";
				CLANG_ENABLE_MODULES = YES;
				CLANG_ENABLE_OBJC_ARC = YES;
				CLANG_ENABLE_OBJC_WEAK = YES;
				CLANG_WARN_BLOCK_CAPTURE_AUTORELEASING = YES;
				CLANG_WARN_BOOL_CONVERSION = YES;
				CLANG_WARN_COMMA = YES;
				CLANG_WARN_CONSTANT_CONVERSION = YES;
				CLANG_WARN_DEPRECATED_OBJC_IMPLEMENTATIONS = YES;
				CLANG_WARN_DIRECT_OBJC_ISA_USAGE = YES_ERROR;
				CLANG_WARN_DOCUMENTATION_COMMENTS = YES;
				CLANG_WARN_EMPTY_BODY = YES;
				CLANG_WARN_ENUM_CONVERSION = YES;
				CLANG_WARN_INFINITE_RECURSION = YES;
				CLANG_WARN_INT_CONVERSION = YES;
				CLANG_WARN_NON_LITERAL_NULL_CONVERSION = YES;
				CLANG_WARN_OBJC_IMPLICIT_RETAIN_SELF = YES;
				CLANG_WARN_OBJC_LITERAL_CONVERSION = YES;
				CLANG_WARN_OBJC_ROOT_CLASS = YES_ERROR;
				CLANG_WARN_RANGE_LOOP_ANALYSIS = YES;
				CLANG_WARN_STRICT_PROTOTYPES = YES;
				CLANG_WARN_SUSPICIOUS_MOVE = YES;
				CLANG_WARN_UNGUARDED_AVAILABILITY = YES_AGGRESSIVE;
				CLANG_WARN_UNREACHABLE_CODE = YES;
				CLANG_WARN__DUPLICATE_METHOD_MATCH = YES;
				COPY_PHASE_STRIP = NO;
				DEBUG_INFORMATION_FORMAT = "dwarf-with-dsym";
				ENABLE_NS_ASSERTIONS = NO;
				ENABLE_STRICT_OBJC_MSGSEND = YES;
				GCC_C_LANGUAGE_STANDARD = gnu11;
				GCC_NO_COMMON_BLOCKS = YES;
				GCC_WARN_64_TO_32_BIT_CONVERSION = YES;
				GCC_WARN_ABOUT_RETURN_TYPE = YES_ERROR;
				GCC_WARN_UNDECLARED_SELECTOR = YES;
				GCC_WARN_UNINITIALIZED_AUTOS = YES_AGGRESSIVE;
				GCC_WARN_UNUSED_FUNCTION = YES;
				GCC_WARN_UNUSED_VARIABLE = YES;
				IPHONEOS_DEPLOYMENT_TARGET = 13.2;
				MTL_ENABLE_DEBUG_INFO = NO;
				MTL_FAST_MATH = YES;
				SDKROOT = iphoneos;
				SWIFT_COMPILATION_MODE = wholemodule;
				SWIFT_OPTIMIZATION_LEVEL = "-O";
				VALIDATE_PRODUCT = YES;
			};
			name = Release;
		};
		10767EA523F2E08A00A13D16 /* Debug */ = {
			isa = XCBuildConfiguration;
			buildSettings = {
				ASSETCATALOG_COMPILER_APPICON_NAME = AppIcon;
				CODE_SIGN_STYLE = Automatic;
				DEVELOPMENT_TEAM = 8D248FM94K;
				INFOPLIST_FILE = "TP01 - Storyboard/Info.plist";
				LD_RUNPATH_SEARCH_PATHS = (
					"$(inherited)",
					"@executable_path/Frameworks",
				);
				PRODUCT_BUNDLE_IDENTIFIER = "RM.TP01---Storyboard";
				PRODUCT_NAME = "$(TARGET_NAME)";
				SWIFT_VERSION = 5.0;
				TARGETED_DEVICE_FAMILY = "1,2";
			};
			name = Debug;
		};
		10767EA623F2E08A00A13D16 /* Release */ = {
			isa = XCBuildConfiguration;
			buildSettings = {
				ASSETCATALOG_COMPILER_APPICON_NAME = AppIcon;
				CODE_SIGN_STYLE = Automatic;
				DEVELOPMENT_TEAM = 8D248FM94K;
				INFOPLIST_FILE = "TP01 - Storyboard/Info.plist";
				LD_RUNPATH_SEARCH_PATHS = (
					"$(inherited)",
					"@executable_path/Frameworks",
				);
				PRODUCT_BUNDLE_IDENTIFIER = "RM.TP01---Storyboard";
				PRODUCT_NAME = "$(TARGET_NAME)";
				SWIFT_VERSION = 5.0;
				TARGETED_DEVICE_FAMILY = "1,2";
			};
			name = Release;
		};
		10767EA823F2E08A00A13D16 /* Debug */ = {
			isa = XCBuildConfiguration;
			buildSettings = {
				ALWAYS_EMBED_SWIFT_STANDARD_LIBRARIES = YES;
				BUNDLE_LOADER = "$(TEST_HOST)";
				CODE_SIGN_STYLE = Automatic;
				DEVELOPMENT_TEAM = 8D248FM94K;
				INFOPLIST_FILE = "TP01 - StoryboardTests/Info.plist";
				IPHONEOS_DEPLOYMENT_TARGET = 13.2;
				LD_RUNPATH_SEARCH_PATHS = (
					"$(inherited)",
					"@executable_path/Frameworks",
					"@loader_path/Frameworks",
				);
				PRODUCT_BUNDLE_IDENTIFIER = "RM.TP01---StoryboardTests";
				PRODUCT_NAME = "$(TARGET_NAME)";
				SWIFT_VERSION = 5.0;
				TARGETED_DEVICE_FAMILY = "1,2";
				TEST_HOST = "$(BUILT_PRODUCTS_DIR)/TP01 - Storyboard.app/TP01 - Storyboard";
			};
			name = Debug;
		};
		10767EA923F2E08A00A13D16 /* Release */ = {
			isa = XCBuildConfiguration;
			buildSettings = {
				ALWAYS_EMBED_SWIFT_STANDARD_LIBRARIES = YES;
				BUNDLE_LOADER = "$(TEST_HOST)";
				CODE_SIGN_STYLE = Automatic;
				DEVELOPMENT_TEAM = 8D248FM94K;
				INFOPLIST_FILE = "TP01 - StoryboardTests/Info.plist";
				IPHONEOS_DEPLOYMENT_TARGET = 13.2;
				LD_RUNPATH_SEARCH_PATHS = (
					"$(inherited)",
					"@executable_path/Frameworks",
					"@loader_path/Frameworks",
				);
				PRODUCT_BUNDLE_IDENTIFIER = "RM.TP01---StoryboardTests";
				PRODUCT_NAME = "$(TARGET_NAME)";
				SWIFT_VERSION = 5.0;
				TARGETED_DEVICE_FAMILY = "1,2";
				TEST_HOST = "$(BUILT_PRODUCTS_DIR)/TP01 - Storyboard.app/TP01 - Storyboard";
			};
			name = Release;
		};
		10767EAB23F2E08A00A13D16 /* Debug */ = {
			isa = XCBuildConfiguration;
			buildSettings = {
				ALWAYS_EMBED_SWIFT_STANDARD_LIBRARIES = YES;
				CODE_SIGN_STYLE = Automatic;
				DEVELOPMENT_TEAM = 8D248FM94K;
				INFOPLIST_FILE = "TP01 - StoryboardUITests/Info.plist";
				LD_RUNPATH_SEARCH_PATHS = (
					"$(inherited)",
					"@executable_path/Frameworks",
					"@loader_path/Frameworks",
				);
				PRODUCT_BUNDLE_IDENTIFIER = "RM.TP01---StoryboardUITests";
				PRODUCT_NAME = "$(TARGET_NAME)";
				SWIFT_VERSION = 5.0;
				TARGETED_DEVICE_FAMILY = "1,2";
				TEST_TARGET_NAME = "TP01 - Storyboard";
			};
			name = Debug;
		};
		10767EAC23F2E08A00A13D16 /* Release */ = {
			isa = XCBuildConfiguration;
			buildSettings = {
				ALWAYS_EMBED_SWIFT_STANDARD_LIBRARIES = YES;
				CODE_SIGN_STYLE = Automatic;
				DEVELOPMENT_TEAM = 8D248FM94K;
				INFOPLIST_FILE = "TP01 - StoryboardUITests/Info.plist";
				LD_RUNPATH_SEARCH_PATHS = (
					"$(inherited)",
					"@executable_path/Frameworks",
					"@loader_path/Frameworks",
				);
				PRODUCT_BUNDLE_IDENTIFIER = "RM.TP01---StoryboardUITests";
				PRODUCT_NAME = "$(TARGET_NAME)";
				SWIFT_VERSION = 5.0;
				TARGETED_DEVICE_FAMILY = "1,2";
				TEST_TARGET_NAME = "TP01 - Storyboard";
			};
			name = Release;
		};
/* End XCBuildConfiguration section */

/* Begin XCConfigurationList section */
		10767E7223F2E08800A13D16 /* Build configuration list for PBXProject "TP01 - Storyboard" */ = {
			isa = XCConfigurationList;
			buildConfigurations = (
				10767EA223F2E08A00A13D16 /* Debug */,
				10767EA323F2E08A00A13D16 /* Release */,
			);
			defaultConfigurationIsVisible = 0;
			defaultConfigurationName = Release;
		};
		10767EA423F2E08A00A13D16 /* Build configuration list for PBXNativeTarget "TP01 - Storyboard" */ = {
			isa = XCConfigurationList;
			buildConfigurations = (
				10767EA523F2E08A00A13D16 /* Debug */,
				10767EA623F2E08A00A13D16 /* Release */,
			);
			defaultConfigurationIsVisible = 0;
			defaultConfigurationName = Release;
		};
		10767EA723F2E08A00A13D16 /* Build configuration list for PBXNativeTarget "TP01 - StoryboardTests" */ = {
			isa = XCConfigurationList;
			buildConfigurations = (
				10767EA823F2E08A00A13D16 /* Debug */,
				10767EA923F2E08A00A13D16 /* Release */,
			);
			defaultConfigurationIsVisible = 0;
			defaultConfigurationName = Release;
		};
		10767EAA23F2E08A00A13D16 /* Build configuration list for PBXNativeTarget "TP01 - StoryboardUITests" */ = {
			isa = XCConfigurationList;
			buildConfigurations = (
				10767EAB23F2E08A00A13D16 /* Debug */,
				10767EAC23F2E08A00A13D16 /* Release */,
			);
			defaultConfigurationIsVisible = 0;
			defaultConfigurationName = Release;
		};
/* End XCConfigurationList section */

/* Begin XCVersionGroup section */
		10767E8323F2E08800A13D16 /* TP01___Storyboard.xcdatamodeld */ = {
			isa = XCVersionGroup;
			children = (
				10767E8423F2E08800A13D16 /* TP01___Storyboard.xcdatamodel */,
			);
			currentVersion = 10767E8423F2E08800A13D16 /* TP01___Storyboard.xcdatamodel */;
			path = "TP01___Storyboard.xcdatamodeld";
			sourceTree = "<group>";
			versionGroupType = wrapper.xcdatamodel;
		};
/* End XCVersionGroup section */
	};
	rootObject = 10767E6F23F2E08800A13D16 /* Project object */;
}
